
Microsoft Visual Studio Solution File, Format Version 12.00
# Visual Studio Version 16
VisualStudioVersion = 16.0.31112.23
MinimumVisualStudioVersion = 10.0.40219.1
Project("{FAE04EC0-301F-11D3-BF4B-00C04F79EFBC}") = "COPOL.Forms", "COPOL.Forms\COPOL.Forms.csproj", "{9F5F2F15-2F2A-4372-8CF6-D19A06E49980}"
EndProject
Project("{FAE04EC0-301F-11D3-BF4B-00C04F79EFBC}") = "COPOL.BLL", "COPOL.BLL\COPOL.BLL.csproj", "{DDE25DE8-28F0-4F41-A0CE-995C5C3BF0F4}"
EndProject
Global
	GlobalSection(SolutionConfigurationPlatforms) = preSolution
		Debug|Any CPU = Debug|Any CPU
		Release|Any CPU = Release|Any CPU
	EndGlobalSection
	GlobalSection(ProjectConfigurationPlatforms) = postSolution
		{9F5F2F15-2F2A-4372-8CF6-D19A06E49980}.Debug|Any CPU.ActiveCfg = Debug|Any CPU
		{9F5F2F15-2F2A-4372-8CF6-D19A06E49980}.Debug|Any CPU.Build.0 = Debug|Any CPU
		{9F5F2F15-2F2A-4372-8CF6-D19A06E49980}.Release|Any CPU.ActiveCfg = Release|Any CPU
		{9F5F2F15-2F2A-4372-8CF6-D19A06E49980}.Release|Any CPU.Build.0 = Release|Any CPU
		{DDE25DE8-28F0-4F41-A0CE-995C5C3BF0F4}.Debug|Any CPU.ActiveCfg = Debug|Any CPU
		{DDE25DE8-28F0-4F41-A0CE-995C5C3BF0F4}.Debug|Any CPU.Build.0 = Debug|Any CPU
		{DDE25DE8-28F0-4F41-A0CE-995C5C3BF0F4}.Release|Any CPU.ActiveCfg = Release|Any CPU
		{DDE25DE8-28F0-4F41-A0CE-995C5C3BF0F4}.Release|Any CPU.Build.0 = Release|Any CPU
	EndGlobalSection
	GlobalSection(SolutionProperties) = preSolution
		HideSolutionNode = FALSE
	EndGlobalSection
	GlobalSection(ExtensibilityGlobals) = postSolution
		SolutionGuid = {740A923A-EEB6-4635-8C98-E848D1406B5D}
	EndGlobalSection
EndGlobal
